
Microsoft Visual Studio Solution File, Format Version 12.00
# Visual Studio Version 16
VisualStudioVersion = 16.0.29519.87
MinimumVisualStudioVersion = 10.0.40219.1
Project("{FAE04EC0-301F-11D3-BF4B-00C04F79EFBC}") = "VideoRent", "VideoRent\VideoRent.csproj", "{85EE7FE9-A9E1-4141-B742-398C46984C46}"
EndProject
Global
	GlobalSection(SolutionConfigurationPlatforms) = preSolution
		Debug|Any CPU = Debug|Any CPU
		Release|Any CPU = Release|Any CPU
	EndGlobalSection
	GlobalSection(ProjectConfigurationPlatforms) = postSolution
		{85EE7FE9-A9E1-4141-B742-398C46984C46}.Debug|Any CPU.ActiveCfg = Debug|Any CPU
		{85EE7FE9-A9E1-4141-B742-398C46984C46}.Debug|Any CPU.Build.0 = Debug|Any CPU
		{85EE7FE9-A9E1-4141-B742-398C46984C46}.Release|Any CPU.ActiveCfg = Release|Any CPU
		{85EE7FE9-A9E1-4141-B742-398C46984C46}.Release|Any CPU.Build.0 = Release|Any CPU
	EndGlobalSection
	GlobalSection(SolutionProperties) = preSolution
		HideSolutionNode = FALSE
	EndGlobalSection
	GlobalSection(ExtensibilityGlobals) = postSolution
		SolutionGuid = {CC8063C2-E39A-4759-BA36-AEC07C787EB5}
	EndGlobalSection
EndGlobal
